
Microsoft Visual Studio Solution File, Format Version 12.00
# Visual Studio Version 16
VisualStudioVersion = 16.0.31410.357
MinimumVisualStudioVersion = 10.0.40219.1
Project("{FAE04EC0-301F-11D3-BF4B-00C04F79EFBC}") = "Data Structures and Algorithms", "Data Structures and Algorithms\Data Structures and Algorithms.csproj", "{8F1E336D-FD57-4A42-92FF-AD155EA6D4D2}"
EndProject
Global
	GlobalSection(SolutionConfigurationPlatforms) = preSolution
		Debug|Any CPU = Debug|Any CPU
		Release|Any CPU = Release|Any CPU
	EndGlobalSection
	GlobalSection(ProjectConfigurationPlatforms) = postSolution
		{8F1E336D-FD57-4A42-92FF-AD155EA6D4D2}.Debug|Any CPU.ActiveCfg = Debug|Any CPU
		{8F1E336D-FD57-4A42-92FF-AD155EA6D4D2}.Debug|Any CPU.Build.0 = Debug|Any CPU
		{8F1E336D-FD57-4A42-92FF-AD155EA6D4D2}.Release|Any CPU.ActiveCfg = Release|Any CPU
		{8F1E336D-FD57-4A42-92FF-AD155EA6D4D2}.Release|Any CPU.Build.0 = Release|Any CPU
	EndGlobalSection
	GlobalSection(SolutionProperties) = preSolution
		HideSolutionNode = FALSE
	EndGlobalSection
	GlobalSection(ExtensibilityGlobals) = postSolution
		SolutionGuid = {39DADEC3-DC6B-414A-9071-930B2D6D12D9}
	EndGlobalSection
EndGlobal
